// !$*UTF8*$!
{
	archiveVersion = 1;
	classes = {
	};
	objectVersion = 56;
	objects = {

/* Begin PBXBuildFile section */
		FDC74DB3289CD51300BA9BD0 /* SheltersListView.swift in Sources */ = {isa = PBXBuildFile; fileRef = FDC74DB2289CD51300BA9BD0 /* SheltersListView.swift */; };
		FDD19B04289FA8F700D04373 /* SQLite in Frameworks */ = {isa = PBXBuildFile; productRef = FDD19B03289FA8F700D04373 /* SQLite */; };
		FDD19B0F28A22F7000D04373 /* SqliteManager.swift in Sources */ = {isa = PBXBuildFile; fileRef = FDD19B0E28A22F7000D04373 /* SqliteManager.swift */; };
		FDD19B2828A4E91A00D04373 /* SliderAlertView.swift in Sources */ = {isa = PBXBuildFile; fileRef = FDD19B2728A4E91A00D04373 /* SliderAlertView.swift */; };
		FDD19B3828A5641C00D04373 /* all.sqlite in Resources */ = {isa = PBXBuildFile; fileRef = FDD19B3728A5641C00D04373 /* all.sqlite */; };
		FDFB0997289B7AA800FDF491 /* ShelterMapSwiftUIApp.swift in Sources */ = {isa = PBXBuildFile; fileRef = FDFB0996289B7AA800FDF491 /* ShelterMapSwiftUIApp.swift */; };
		FDFB0999289B7AA800FDF491 /* ContentView.swift in Sources */ = {isa = PBXBuildFile; fileRef = FDFB0998289B7AA800FDF491 /* ContentView.swift */; };
		FDFB099B289B7AA900FDF491 /* Assets.xcassets in Resources */ = {isa = PBXBuildFile; fileRef = FDFB099A289B7AA900FDF491 /* Assets.xcassets */; };
		FDFB099E289B7AA900FDF491 /* Preview Assets.xcassets in Resources */ = {isa = PBXBuildFile; fileRef = FDFB099D289B7AA900FDF491 /* Preview Assets.xcassets */; };
		FDFB09A8289B7B0B00FDF491 /* LocationManager.swift in Sources */ = {isa = PBXBuildFile; fileRef = FDFB09A7289B7B0B00FDF491 /* LocationManager.swift */; };
		FDFB09AA289B7B4F00FDF491 /* MapView.swift in Sources */ = {isa = PBXBuildFile; fileRef = FDFB09A9289B7B4F00FDF491 /* MapView.swift */; };
		FDFB09AE289B9B5E00FDF491 /* Shelter.swift in Sources */ = {isa = PBXBuildFile; fileRef = FDFB09AD289B9B5E00FDF491 /* Shelter.swift */; };
		FDFB09B2289B9D0B00FDF491 /* MapAnnotationView.swift in Sources */ = {isa = PBXBuildFile; fileRef = FDFB09B1289B9D0B00FDF491 /* MapAnnotationView.swift */; };
		FDFB09B5289CA6D400FDF491 /* MapManager.swift in Sources */ = {isa = PBXBuildFile; fileRef = FDFB09B4289CA6D400FDF491 /* MapManager.swift */; };
		FDFB09B7289CC07A00FDF491 /* ShelterPreview.swift in Sources */ = {isa = PBXBuildFile; fileRef = FDFB09B6289CC07A00FDF491 /* ShelterPreview.swift */; };
/* End PBXBuildFile section */

/* Begin PBXFileReference section */
		FDC74DB2289CD51300BA9BD0 /* SheltersListView.swift */ = {isa = PBXFileReference; lastKnownFileType = sourcecode.swift; path = SheltersListView.swift; sourceTree = "<group>"; };
		FDD19B0A28A1FD7800D04373 /* Info.plist */ = {isa = PBXFileReference; lastKnownFileType = text.plist; path = Info.plist; sourceTree = "<group>"; };
		FDD19B0E28A22F7000D04373 /* SqliteManager.swift */ = {isa = PBXFileReference; lastKnownFileType = sourcecode.swift; path = SqliteManager.swift; sourceTree = "<group>"; };
		FDD19B2728A4E91A00D04373 /* SliderAlertView.swift */ = {isa = PBXFileReference; lastKnownFileType = sourcecode.swift; path = SliderAlertView.swift; sourceTree = "<group>"; };
		FDD19B3728A5641C00D04373 /* all.sqlite */ = {isa = PBXFileReference; lastKnownFileType = file; path = all.sqlite; sourceTree = "<group>"; };
		FDFB0993289B7AA800FDF491 /* ShelterMapSwiftUI.app */ = {isa = PBXFileReference; explicitFileType = wrapper.application; includeInIndex = 0; path = ShelterMapSwiftUI.app; sourceTree = BUILT_PRODUCTS_DIR; };
		FDFB0996289B7AA800FDF491 /* ShelterMapSwiftUIApp.swift */ = {isa = PBXFileReference; lastKnownFileType = sourcecode.swift; path = ShelterMapSwiftUIApp.swift; sourceTree = "<group>"; };
		FDFB0998289B7AA800FDF491 /* ContentView.swift */ = {isa = PBXFileReference; lastKnownFileType = sourcecode.swift; path = ContentView.swift; sourceTree = "<group>"; };
		FDFB099A289B7AA900FDF491 /* Assets.xcassets */ = {isa = PBXFileReference; lastKnownFileType = folder.assetcatalog; path = Assets.xcassets; sourceTree = "<group>"; };
		FDFB099D289B7AA900FDF491 /* Preview Assets.xcassets */ = {isa = PBXFileReference; lastKnownFileType = folder.assetcatalog; path = "Preview Assets.xcassets"; sourceTree = "<group>"; };
		FDFB09A7289B7B0B00FDF491 /* LocationManager.swift */ = {isa = PBXFileReference; lastKnownFileType = sourcecode.swift; path = LocationManager.swift; sourceTree = "<group>"; };
		FDFB09A9289B7B4F00FDF491 /* MapView.swift */ = {isa = PBXFileReference; lastKnownFileType = sourcecode.swift; path = MapView.swift; sourceTree = "<group>"; };
		FDFB09AD289B9B5E00FDF491 /* Shelter.swift */ = {isa = PBXFileReference; lastKnownFileType = sourcecode.swift; path = Shelter.swift; sourceTree = "<group>"; };
		FDFB09B1289B9D0B00FDF491 /* MapAnnotationView.swift */ = {isa = PBXFileReference; lastKnownFileType = sourcecode.swift; path = MapAnnotationView.swift; sourceTree = "<group>"; };
		FDFB09B4289CA6D400FDF491 /* MapManager.swift */ = {isa = PBXFileReference; lastKnownFileType = sourcecode.swift; path = MapManager.swift; sourceTree = "<group>"; };
		FDFB09B6289CC07A00FDF491 /* ShelterPreview.swift */ = {isa = PBXFileReference; lastKnownFileType = sourcecode.swift; path = ShelterPreview.swift; sourceTree = "<group>"; };
/* End PBXFileReference section */

/* Begin PBXFrameworksBuildPhase section */
		FDFB0990289B7AA800FDF491 /* Frameworks */ = {
			isa = PBXFrameworksBuildPhase;
			buildActionMask = 2147483647;
			files = (
				FDD19B04289FA8F700D04373 /* SQLite in Frameworks */,
			);
			runOnlyForDeploymentPostprocessing = 0;
		};
/* End PBXFrameworksBuildPhase section */

/* Begin PBXGroup section */
		FDFB098A289B7AA800FDF491 = {
			isa = PBXGroup;
			children = (
				FDFB0995289B7AA800FDF491 /* ShelterMapSwiftUI */,
				FDFB0994289B7AA800FDF491 /* Products */,
			);
			sourceTree = "<group>";
		};
		FDFB0994289B7AA800FDF491 /* Products */ = {
			isa = PBXGroup;
			children = (
				FDFB0993289B7AA800FDF491 /* ShelterMapSwiftUI.app */,
			);
			name = Products;
			sourceTree = "<group>";
		};
		FDFB0995289B7AA800FDF491 /* ShelterMapSwiftUI */ = {
			isa = PBXGroup;
			children = (
				FDD19B0A28A1FD7800D04373 /* Info.plist */,
				FDD19B3728A5641C00D04373 /* all.sqlite */,
				FDFB09A6289B7AF800FDF491 /* Model */,
				FDFB09A5289B7AF000FDF491 /* ViewModel */,
				FDFB09A4289B7AE600FDF491 /* View */,
				FDFB0996289B7AA800FDF491 /* ShelterMapSwiftUIApp.swift */,
				FDFB0998289B7AA800FDF491 /* ContentView.swift */,
				FDFB099A289B7AA900FDF491 /* Assets.xcassets */,
				FDFB099C289B7AA900FDF491 /* Preview Content */,
			);
			path = ShelterMapSwiftUI;
			sourceTree = "<group>";
		};
		FDFB099C289B7AA900FDF491 /* Preview Content */ = {
			isa = PBXGroup;
			children = (
				FDFB099D289B7AA900FDF491 /* Preview Assets.xcassets */,
			);
			path = "Preview Content";
			sourceTree = "<group>";
		};
		FDFB09A4289B7AE600FDF491 /* View */ = {
			isa = PBXGroup;
			children = (
				FDFB09A9289B7B4F00FDF491 /* MapView.swift */,
				FDFB09B1289B9D0B00FDF491 /* MapAnnotationView.swift */,
				FDFB09B6289CC07A00FDF491 /* ShelterPreview.swift */,
				FDC74DB2289CD51300BA9BD0 /* SheltersListView.swift */,
				FDD19B2728A4E91A00D04373 /* SliderAlertView.swift */,
			);
			path = View;
			sourceTree = "<group>";
		};
		FDFB09A5289B7AF000FDF491 /* ViewModel */ = {
			isa = PBXGroup;
			children = (
				FDFB09A7289B7B0B00FDF491 /* LocationManager.swift */,
				FDFB09B4289CA6D400FDF491 /* MapManager.swift */,
				FDD19B0E28A22F7000D04373 /* SqliteManager.swift */,
			);
			path = ViewModel;
			sourceTree = "<group>";
		};
		FDFB09A6289B7AF800FDF491 /* Model */ = {
			isa = PBXGroup;
			children = (
				FDFB09AD289B9B5E00FDF491 /* Shelter.swift */,
			);
			path = Model;
			sourceTree = "<group>";
		};
/* End PBXGroup section */

/* Begin PBXNativeTarget section */
		FDFB0992289B7AA800FDF491 /* ShelterMapSwiftUI */ = {
			isa = PBXNativeTarget;
			buildConfigurationList = FDFB09A1289B7AA900FDF491 /* Build configuration list for PBXNativeTarget "ShelterMapSwiftUI" */;
			buildPhases = (
				FDFB098F289B7AA800FDF491 /* Sources */,
				FDFB0990289B7AA800FDF491 /* Frameworks */,
				FDFB0991289B7AA800FDF491 /* Resources */,
			);
			buildRules = (
			);
			dependencies = (
			);
			name = ShelterMapSwiftUI;
			packageProductDependencies = (
				FDD19B03289FA8F700D04373 /* SQLite */,
			);
			productName = ShelterMapSwiftUI;
			productReference = FDFB0993289B7AA800FDF491 /* ShelterMapSwiftUI.app */;
			productType = "com.apple.product-type.application";
		};
/* End PBXNativeTarget section */

/* Begin PBXProject section */
		FDFB098B289B7AA800FDF491 /* Project object */ = {
			isa = PBXProject;
			attributes = {
				BuildIndependentTargetsInParallel = 1;
				LastSwiftUpdateCheck = 1400;
				LastUpgradeCheck = 1400;
				TargetAttributes = {
					FDFB0992289B7AA800FDF491 = {
						CreatedOnToolsVersion = 14.0;
					};
				};
			};
			buildConfigurationList = FDFB098E289B7AA800FDF491 /* Build configuration list for PBXProject "ShelterMapSwiftUI" */;
			compatibilityVersion = "Xcode 14.0";
			developmentRegion = en;
			hasScannedForEncodings = 0;
			knownRegions = (
				en,
				Base,
			);
			mainGroup = FDFB098A289B7AA800FDF491;
			packageReferences = (
				FDD19B02289FA8F700D04373 /* XCRemoteSwiftPackageReference "SQLite.swift" */,
			);
			productRefGroup = FDFB0994289B7AA800FDF491 /* Products */;
			projectDirPath = "";
			projectRoot = "";
			targets = (
				FDFB0992289B7AA800FDF491 /* ShelterMapSwiftUI */,
			);
		};
/* End PBXProject section */

/* Begin PBXResourcesBuildPhase section */
		FDFB0991289B7AA800FDF491 /* Resources */ = {
			isa = PBXResourcesBuildPhase;
			buildActionMask = 2147483647;
			files = (
				FDFB099E289B7AA900FDF491 /* Preview Assets.xcassets in Resources */,
				FDD19B3828A5641C00D04373 /* all.sqlite in Resources */,
				FDFB099B289B7AA900FDF491 /* Assets.xcassets in Resources */,
			);
			runOnlyForDeploymentPostprocessing = 0;
		};
/* End PBXResourcesBuildPhase section */

/* Begin PBXSourcesBuildPhase section */
		FDFB098F289B7AA800FDF491 /* Sources */ = {
			isa = PBXSourcesBuildPhase;
			buildActionMask = 2147483647;
			files = (
				FDFB09AE289B9B5E00FDF491 /* Shelter.swift in Sources */,
				FDC74DB3289CD51300BA9BD0 /* SheltersListView.swift in Sources */,
				FDD19B0F28A22F7000D04373 /* SqliteManager.swift in Sources */,
				FDFB0999289B7AA800FDF491 /* ContentView.swift in Sources */,
				FDD19B2828A4E91A00D04373 /* SliderAlertView.swift in Sources */,
				FDFB09AA289B7B4F00FDF491 /* MapView.swift in Sources */,
				FDFB09B7289CC07A00FDF491 /* ShelterPreview.swift in Sources */,
				FDFB09B5289CA6D400FDF491 /* MapManager.swift in Sources */,
				FDFB0997289B7AA800FDF491 /* ShelterMapSwiftUIApp.swift in Sources */,
				FDFB09A8289B7B0B00FDF491 /* LocationManager.swift in Sources */,
				FDFB09B2289B9D0B00FDF491 /* MapAnnotationView.swift in Sources */,
			);
			runOnlyForDeploymentPostprocessing = 0;
		};
/* End PBXSourcesBuildPhase section */

/* Begin XCBuildConfiguration section */
		FDFB099F289B7AA900FDF491 /* Debug */ = {
			isa = XCBuildConfiguration;
			buildSettings = {
				ALWAYS_SEARCH_USER_PATHS = NO;
				CLANG_ANALYZER_NONNULL = YES;
				CLANG_ANALYZER_NUMBER_OBJECT_CONVERSION = YES_AGGRESSIVE;
				CLANG_CXX_LANGUAGE_STANDARD = "gnu++20";
				CLANG_ENABLE_MODULES = YES;
				CLANG_ENABLE_OBJC_ARC = YES;
				CLANG_ENABLE_OBJC_WEAK = YES;
				CLANG_WARN_BLOCK_CAPTURE_AUTORELEASING = YES;
				CLANG_WARN_BOOL_CONVERSION = YES;
				CLANG_WARN_COMMA = YES;
				CLANG_WARN_CONSTANT_CONVERSION = YES;
				CLANG_WARN_DEPRECATED_OBJC_IMPLEMENTATIONS = YES;
				CLANG_WARN_DIRECT_OBJC_ISA_USAGE = YES_ERROR;
				CLANG_WARN_DOCUMENTATION_COMMENTS = YES;
				CLANG_WARN_EMPTY_BODY = YES;
				CLANG_WARN_ENUM_CONVERSION = YES;
				CLANG_WARN_INFINITE_RECURSION = YES;
				CLANG_WARN_INT_CONVERSION = YES;
				CLANG_WARN_NON_LITERAL_NULL_CONVERSION = YES;
				CLANG_WARN_OBJC_IMPLICIT_RETAIN_SELF = YES;
				CLANG_WARN_OBJC_LITERAL_CONVERSION = YES;
				CLANG_WARN_OBJC_ROOT_CLASS = YES_ERROR;
				CLANG_WARN_QUOTED_INCLUDE_IN_FRAMEWORK_HEADER = YES;
				CLANG_WARN_RANGE_LOOP_ANALYSIS = YES;
				CLANG_WARN_STRICT_PROTOTYPES = YES;
				CLANG_WARN_SUSPICIOUS_MOVE = YES;
				CLANG_WARN_UNGUARDED_AVAILABILITY = YES_AGGRESSIVE;
				CLANG_WARN_UNREACHABLE_CODE = YES;
				CLANG_WARN__DUPLICATE_METHOD_MATCH = YES;
				COPY_PHASE_STRIP = NO;
				DEBUG_INFORMATION_FORMAT = dwarf;
				ENABLE_STRICT_OBJC_MSGSEND = YES;
				ENABLE_TESTABILITY = YES;
				GCC_C_LANGUAGE_STANDARD = gnu11;
				GCC_DYNAMIC_NO_PIC = NO;
				GCC_NO_COMMON_BLOCKS = YES;
				GCC_OPTIMIZATION_LEVEL = 0;
				GCC_PREPROCESSOR_DEFINITIONS = (
					"DEBUG=1",
					"$(inherited)",
				);
				GCC_WARN_64_TO_32_BIT_CONVERSION = YES;
				GCC_WARN_ABOUT_RETURN_TYPE = YES_ERROR;
				GCC_WARN_UNDECLARED_SELECTOR = YES;
				GCC_WARN_UNINITIALIZED_AUTOS = YES_AGGRESSIVE;
				GCC_WARN_UNUSED_FUNCTION = YES;
				GCC_WARN_UNUSED_VARIABLE = YES;
				IPHONEOS_DEPLOYMENT_TARGET = 16.0;
				MTL_ENABLE_DEBUG_INFO = INCLUDE_SOURCE;
				MTL_FAST_MATH = YES;
				ONLY_ACTIVE_ARCH = YES;
				SDKROOT = iphoneos;
				SWIFT_ACTIVE_COMPILATION_CONDITIONS = DEBUG;
				SWIFT_OPTIMIZATION_LEVEL = "-Onone";
			};
			name = Debug;
		};
		FDFB09A0289B7AA900FDF491 /* Release */ = {
			isa = XCBuildConfiguration;
			buildSettings = {
				ALWAYS_SEARCH_USER_PATHS = NO;
				CLANG_ANALYZER_NONNULL = YES;
				CLANG_ANALYZER_NUMBER_OBJECT_CONVERSION = YES_AGGRESSIVE;
				CLANG_CXX_LANGUAGE_STANDARD = "gnu++20";
				CLANG_ENABLE_MODULES = YES;
				CLANG_ENABLE_OBJC_ARC = YES;
				CLANG_ENABLE_OBJC_WEAK = YES;
				CLANG_WARN_BLOCK_CAPTURE_AUTORELEASING = YES;
				CLANG_WARN_BOOL_CONVERSION = YES;
				CLANG_WARN_COMMA = YES;
				CLANG_WARN_CONSTANT_CONVERSION = YES;
				CLANG_WARN_DEPRECATED_OBJC_IMPLEMENTATIONS = YES;
				CLANG_WARN_DIRECT_OBJC_ISA_USAGE = YES_ERROR;
				CLANG_WARN_DOCUMENTATION_COMMENTS = YES;
				CLANG_WARN_EMPTY_BODY = YES;
				CLANG_WARN_ENUM_CONVERSION = YES;
				CLANG_WARN_INFINITE_RECURSION = YES;
				CLANG_WARN_INT_CONVERSION = YES;
				CLANG_WARN_NON_LITERAL_NULL_CONVERSION = YES;
				CLANG_WARN_OBJC_IMPLICIT_RETAIN_SELF = YES;
				CLANG_WARN_OBJC_LITERAL_CONVERSION = YES;
				CLANG_WARN_OBJC_ROOT_CLASS = YES_ERROR;
				CLANG_WARN_QUOTED_INCLUDE_IN_FRAMEWORK_HEADER = YES;
				CLANG_WARN_RANGE_LOOP_ANALYSIS = YES;
				CLANG_WARN_STRICT_PROTOTYPES = YES;
				CLANG_WARN_SUSPICIOUS_MOVE = YES;
				CLANG_WARN_UNGUARDED_AVAILABILITY = YES_AGGRESSIVE;
				CLANG_WARN_UNREACHABLE_CODE = YES;
				CLANG_WARN__DUPLICATE_METHOD_MATCH = YES;
				COPY_PHASE_STRIP = NO;
				DEBUG_INFORMATION_FORMAT = "dwarf-with-dsym";
				ENABLE_NS_ASSERTIONS = NO;
				ENABLE_STRICT_OBJC_MSGSEND = YES;
				GCC_C_LANGUAGE_STANDARD = gnu11;
				GCC_NO_COMMON_BLOCKS = YES;
				GCC_WARN_64_TO_32_BIT_CONVERSION = YES;
				GCC_WARN_ABOUT_RETURN_TYPE = YES_ERROR;
				GCC_WARN_UNDECLARED_SELECTOR = YES;
				GCC_WARN_UNINITIALIZED_AUTOS = YES_AGGRESSIVE;
				GCC_WARN_UNUSED_FUNCTION = YES;
				GCC_WARN_UNUSED_VARIABLE = YES;
				IPHONEOS_DEPLOYMENT_TARGET = 16.0;
				MTL_ENABLE_DEBUG_INFO = NO;
				MTL_FAST_MATH = YES;
				SDKROOT = iphoneos;
				SWIFT_COMPILATION_MODE = wholemodule;
				SWIFT_OPTIMIZATION_LEVEL = "-O";
				VALIDATE_PRODUCT = YES;
			};
			name = Release;
		};
		FDFB09A2289B7AA900FDF491 /* Debug */ = {
			isa = XCBuildConfiguration;
			buildSettings = {
				ASSETCATALOG_COMPILER_APPICON_NAME = AppIcon;
				ASSETCATALOG_COMPILER_GLOBAL_ACCENT_COLOR_NAME = AccentColor;
				CODE_SIGN_STYLE = Automatic;
				CURRENT_PROJECT_VERSION = 1;
				DEVELOPMENT_ASSET_PATHS = "\"ShelterMapSwiftUI/Preview Content\"";
				DEVELOPMENT_TEAM = 48394HVWDA;
				ENABLE_PREVIEWS = YES;
				GENERATE_INFOPLIST_FILE = YES;
				INFOPLIST_FILE = ShelterMapSwiftUI/Info.plist;
				INFOPLIST_KEY_NSLocationAlwaysAndWhenInUseUsageDescription = "需要定位權限來取得周邊防空設施資訊，是否允許此App獲取您的定位？";
				INFOPLIST_KEY_NSLocationWhenInUseUsageDescription = "需要定位權限來取得周邊防空設施資訊，是否允許此App獲取您的定位？";
				INFOPLIST_KEY_UIApplicationSceneManifest_Generation = YES;
				INFOPLIST_KEY_UIApplicationSupportsIndirectInputEvents = YES;
				INFOPLIST_KEY_UILaunchScreen_Generation = YES;
				INFOPLIST_KEY_UISupportedInterfaceOrientations_iPad = "UIInterfaceOrientationPortrait UIInterfaceOrientationPortraitUpsideDown UIInterfaceOrientationLandscapeLeft UIInterfaceOrientationLandscapeRight";
				INFOPLIST_KEY_UISupportedInterfaceOrientations_iPhone = "UIInterfaceOrientationPortrait UIInterfaceOrientationLandscapeLeft UIInterfaceOrientationLandscapeRight";
				IPHONEOS_DEPLOYMENT_TARGET = 15.0;
				LD_RUNPATH_SEARCH_PATHS = (
					"$(inherited)",
					"@executable_path/Frameworks",
				);
				MARKETING_VERSION = 1.0;
				PRODUCT_BUNDLE_IDENTIFIER = com.novachen.ShelterMapSwiftUI;
				PRODUCT_NAME = "$(TARGET_NAME)";
				SWIFT_EMIT_LOC_STRINGS = YES;
				SWIFT_VERSION = 5.0;
				TARGETED_DEVICE_FAMILY = "1,2";
			};
			name = Debug;
		};
		FDFB09A3289B7AA900FDF491 /* Release */ = {
			isa = XCBuildConfiguration;
			buildSettings = {
				ASSETCATALOG_COMPILER_APPICON_NAME = AppIcon;
				ASSETCATALOG_COMPILER_GLOBAL_ACCENT_COLOR_NAME = AccentColor;
				CODE_SIGN_STYLE = Automatic;
				CURRENT_PROJECT_VERSION = 1;
				DEVELOPMENT_ASSET_PATHS = "\"ShelterMapSwiftUI/Preview Content\"";
				DEVELOPMENT_TEAM = 48394HVWDA;
				ENABLE_PREVIEWS = YES;
				GENERATE_INFOPLIST_FILE = YES;
				INFOPLIST_FILE = ShelterMapSwiftUI/Info.plist;
				INFOPLIST_KEY_NSLocationAlwaysAndWhenInUseUsageDescription = "需要定位權限來取得周邊防空設施資訊，是否允許此App獲取您的定位？";
				INFOPLIST_KEY_NSLocationWhenInUseUsageDescription = "需要定位權限來取得周邊防空設施資訊，是否允許此App獲取您的定位？";
				INFOPLIST_KEY_UIApplicationSceneManifest_Generation = YES;
				INFOPLIST_KEY_UIApplicationSupportsIndirectInputEvents = YES;
				INFOPLIST_KEY_UILaunchScreen_Generation = YES;
				INFOPLIST_KEY_UISupportedInterfaceOrientations_iPad = "UIInterfaceOrientationPortrait UIInterfaceOrientationPortraitUpsideDown UIInterfaceOrientationLandscapeLeft UIInterfaceOrientationLandscapeRight";
				INFOPLIST_KEY_UISupportedInterfaceOrientations_iPhone = "UIInterfaceOrientationPortrait UIInterfaceOrientationLandscapeLeft UIInterfaceOrientationLandscapeRight";
				IPHONEOS_DEPLOYMENT_TARGET = 15.0;
				LD_RUNPATH_SEARCH_PATHS = (
					"$(inherited)",
					"@executable_path/Frameworks",
				);
				MARKETING_VERSION = 1.0;
				PRODUCT_BUNDLE_IDENTIFIER = com.novachen.ShelterMapSwiftUI;
				PRODUCT_NAME = "$(TARGET_NAME)";
				SWIFT_EMIT_LOC_STRINGS = YES;
				SWIFT_VERSION = 5.0;
				TARGETED_DEVICE_FAMILY = "1,2";
			};
			name = Release;
		};
/* End XCBuildConfiguration section */

/* Begin XCConfigurationList section */
		FDFB098E289B7AA800FDF491 /* Build configuration list for PBXProject "ShelterMapSwiftUI" */ = {
			isa = XCConfigurationList;
			buildConfigurations = (
				FDFB099F289B7AA900FDF491 /* Debug */,
				FDFB09A0289B7AA900FDF491 /* Release */,
			);
			defaultConfigurationIsVisible = 0;
			defaultConfigurationName = Release;
		};
		FDFB09A1289B7AA900FDF491 /* Build configuration list for PBXNativeTarget "ShelterMapSwiftUI" */ = {
			isa = XCConfigurationList;
			buildConfigurations = (
				FDFB09A2289B7AA900FDF491 /* Debug */,
				FDFB09A3289B7AA900FDF491 /* Release */,
			);
			defaultConfigurationIsVisible = 0;
			defaultConfigurationName = Release;
		};
/* End XCConfigurationList section */

/* Begin XCRemoteSwiftPackageReference section */
		FDD19B02289FA8F700D04373 /* XCRemoteSwiftPackageReference "SQLite.swift" */ = {
			isa = XCRemoteSwiftPackageReference;
			repositoryURL = "https://github.com/stephencelis/SQLite.swift.git";
			requirement = {
				kind = upToNextMajorVersion;
				minimumVersion = 0.9.2;
			};
		};
/* End XCRemoteSwiftPackageReference section */

/* Begin XCSwiftPackageProductDependency section */
		FDD19B03289FA8F700D04373 /* SQLite */ = {
			isa = XCSwiftPackageProductDependency;
			package = FDD19B02289FA8F700D04373 /* XCRemoteSwiftPackageReference "SQLite.swift" */;
			productName = SQLite;
		};
/* End XCSwiftPackageProductDependency section */
	};
	rootObject = FDFB098B289B7AA800FDF491 /* Project object */;
}
